
Microsoft Visual Studio Solution File, Format Version 12.00
# Visual Studio Version 17
VisualStudioVersion = 17.12.35527.113
MinimumVisualStudioVersion = 10.0.40219.1
Project("{8BC9CEB8-8B4A-11D0-8D11-00A0C91BC942}") = "pointers", "pointers\pointers.vcxproj", "{1AF38EF4-9370-4355-A237-981EE11CB2BB}"
EndProject
Project("{8BC9CEB8-8B4A-11D0-8D11-00A0C91BC942}") = "references", "references\references.vcxproj", "{08BF4022-FFFE-4C54-9E0A-5AE04E181624}"
EndProject
Project("{8BC9CEB8-8B4A-11D0-8D11-00A0C91BC942}") = "classes", "classes\classes.vcxproj", "{4473441C-5FAB-431A-B922-D1C41DC29DC0}"
EndProject
Project("{8BC9CEB8-8B4A-11D0-8D11-00A0C91BC942}") = "static", "static\static.vcxproj", "{358873A5-5F07-4A98-B888-9D3416521C27}"
EndProject
Project("{8BC9CEB8-8B4A-11D0-8D11-00A0C91BC942}") = "enums", "enums\enums.vcxproj", "{DB9A84A6-818D-4871-B0A2-D1B4069DB619}"
EndProject
Project("{8BC9CEB8-8B4A-11D0-8D11-00A0C91BC942}") = "virtual_functions", "virtual_functions\virtual_functions.vcxproj", "{F4364D22-E00B-4A78-873E-FFB782201A82}"
EndProject
Project("{8BC9CEB8-8B4A-11D0-8D11-00A0C91BC942}") = "strings", "strings\strings.vcxproj", "{57FD3B20-8CD4-40AF-97EF-7D149C61A7C3}"
EndProject
Project("{8BC9CEB8-8B4A-11D0-8D11-00A0C91BC942}") = "const", "const\const.vcxproj", "{6484DAF0-F1B5-4BF3-B612-4599045BC9F2}"
EndProject
Project("{8BC9CEB8-8B4A-11D0-8D11-00A0C91BC942}") = "new", "new\new.vcxproj", "{1F7F798D-20ED-4236-90C9-7A8829F0FA5C}"
EndProject
Project("{8BC9CEB8-8B4A-11D0-8D11-00A0C91BC942}") = "explicit", "explicit\explicit.vcxproj", "{A20FE568-844A-4206-ADB9-5D09263E6AD7}"
EndProject
Project("{8BC9CEB8-8B4A-11D0-8D11-00A0C91BC942}") = "operator_overloading", "operator_overloading\operator_overloading.vcxproj", "{ED6CBA28-3CED-4A6D-864F-6409BD8BB12B}"
EndProject
Project("{8BC9CEB8-8B4A-11D0-8D11-00A0C91BC942}") = "this", "this\this.vcxproj", "{832981F0-EBE9-424E-AB33-02D60F9984F6}"
EndProject
Project("{8BC9CEB8-8B4A-11D0-8D11-00A0C91BC942}") = "smart_pointers", "smart_pointers\smart_pointers.vcxproj", "{1B861417-E805-4162-987C-A43E0027386D}"
EndProject
Project("{8BC9CEB8-8B4A-11D0-8D11-00A0C91BC942}") = "friends", "friends\friends.vcxproj", "{926A6BB3-FE0D-4631-9FD0-8E653F679D7F}"
EndProject
Project("{8BC9CEB8-8B4A-11D0-8D11-00A0C91BC942}") = "dynamic_arrays", "dynamic_arrays\dynamic_arrays.vcxproj", "{1CDF01E5-CE9F-4155-A0AF-295CAA081746}"
EndProject
Project("{8BC9CEB8-8B4A-11D0-8D11-00A0C91BC942}") = "static_library", "static_library\static_library.vcxproj", "{66A513A9-29E4-48B5-868A-4C58EDA9E698}"
EndProject
Project("{8BC9CEB8-8B4A-11D0-8D11-00A0C91BC942}") = "dynamic_library", "dynamic_library\dynamic_library.vcxproj", "{709BA4C4-1379-44B8-8973-D37A167300CF}"
EndProject
Project("{8BC9CEB8-8B4A-11D0-8D11-00A0C91BC942}") = "library_link", "library_link\library_link.vcxproj", "{82DEE25B-1451-433F-A099-C3B0DDDB2110}"
	ProjectSection(ProjectDependencies) = postProject
		{66A513A9-29E4-48B5-868A-4C58EDA9E698} = {66A513A9-29E4-48B5-868A-4C58EDA9E698}
		{709BA4C4-1379-44B8-8973-D37A167300CF} = {709BA4C4-1379-44B8-8973-D37A167300CF}
	EndProjectSection
EndProject
Project("{8BC9CEB8-8B4A-11D0-8D11-00A0C91BC942}") = "typedef", "typedef\typedef.vcxproj", "{69496CF0-6CA0-41C6-A529-4A3CFD72946D}"
EndProject
Project("{8BC9CEB8-8B4A-11D0-8D11-00A0C91BC942}") = "templates", "templates\templates.vcxproj", "{7D3836D0-92E6-4DBD-83D5-F6A711E0E00B}"
EndProject
Project("{8BC9CEB8-8B4A-11D0-8D11-00A0C91BC942}") = "macros", "macros\macros.vcxproj", "{91740AA7-031B-443B-9137-F4595ABA7CFE}"
EndProject
Project("{8BC9CEB8-8B4A-11D0-8D11-00A0C91BC942}") = "auto", "auto\auto.vcxproj", "{52330F1D-E9BE-4F4F-9A2C-820979240BA3}"
EndProject
Project("{8BC9CEB8-8B4A-11D0-8D11-00A0C91BC942}") = "function_pointers", "function_pointers\function_pointers.vcxproj", "{47847868-C79A-47EE-A437-1679FDE08E06}"
EndProject
Project("{8BC9CEB8-8B4A-11D0-8D11-00A0C91BC942}") = "lambdas", "lambdas\lambdas.vcxproj", "{D7B7B058-7C96-4717-AADB-AA6D984BA662}"
EndProject
Project("{8BC9CEB8-8B4A-11D0-8D11-00A0C91BC942}") = "namespaces", "namespaces\namespaces.vcxproj", "{52E485DA-1D15-4E03-ABAC-058FAE07CBD4}"
EndProject
Project("{8BC9CEB8-8B4A-11D0-8D11-00A0C91BC942}") = "threads", "threads\threads.vcxproj", "{9DAC6AFF-2B4D-41FA-A046-68016631FBA6}"
EndProject
Project("{8BC9CEB8-8B4A-11D0-8D11-00A0C91BC942}") = "unions", "unions\unions.vcxproj", "{90706E8D-BE8B-48A7-AE7C-D4811111E88A}"
EndProject
Project("{8BC9CEB8-8B4A-11D0-8D11-00A0C91BC942}") = "casting", "casting\casting.vcxproj", "{646ABFFF-CC40-47DC-BD06-2F14251AC5C7}"
EndProject
Project("{8BC9CEB8-8B4A-11D0-8D11-00A0C91BC942}") = "precompiled_headers", "precompiled_headers\precompiled_headers.vcxproj", "{6D366538-5B23-4B8E-9180-29B637DECD1C}"
EndProject
Project("{8BC9CEB8-8B4A-11D0-8D11-00A0C91BC942}") = "lvalues_and_rvalues", "lvalues_and_rvalues\lvalues_and_rvalues.vcxproj", "{695627DA-4CF3-42BC-AFC0-2AF5447BC7BA}"
EndProject
Project("{8BC9CEB8-8B4A-11D0-8D11-00A0C91BC942}") = "move_semantics", "move_semantics\move_semantics.vcxproj", "{D6D2D984-B8C8-4E26-9055-89847C963CE4}"
EndProject
Project("{8BC9CEB8-8B4A-11D0-8D11-00A0C91BC942}") = "data_structures", "data_structures\data_structures.vcxproj", "{AE9CAE99-2EFA-4D3E-B09D-C4F270374D2C}"
EndProject
Project("{8BC9CEB8-8B4A-11D0-8D11-00A0C91BC942}") = "iterators", "iterators\iterators.vcxproj", "{42FEF524-D075-4D96-9722-FA84B0E3CEFF}"
EndProject
Global
	GlobalSection(SolutionConfigurationPlatforms) = preSolution
		Debug|x64 = Debug|x64
		Debug|x86 = Debug|x86
		Release|x64 = Release|x64
		Release|x86 = Release|x86
	EndGlobalSection
	GlobalSection(ProjectConfigurationPlatforms) = postSolution
		{1AF38EF4-9370-4355-A237-981EE11CB2BB}.Debug|x64.ActiveCfg = Debug|x64
		{1AF38EF4-9370-4355-A237-981EE11CB2BB}.Debug|x64.Build.0 = Debug|x64
		{1AF38EF4-9370-4355-A237-981EE11CB2BB}.Debug|x86.ActiveCfg = Debug|x64
		{1AF38EF4-9370-4355-A237-981EE11CB2BB}.Release|x64.ActiveCfg = Debug|x64
		{1AF38EF4-9370-4355-A237-981EE11CB2BB}.Release|x86.ActiveCfg = Debug|x64
		{08BF4022-FFFE-4C54-9E0A-5AE04E181624}.Debug|x64.ActiveCfg = Debug|x64
		{08BF4022-FFFE-4C54-9E0A-5AE04E181624}.Debug|x64.Build.0 = Debug|x64
		{08BF4022-FFFE-4C54-9E0A-5AE04E181624}.Debug|x86.ActiveCfg = Debug|x64
		{08BF4022-FFFE-4C54-9E0A-5AE04E181624}.Release|x64.ActiveCfg = Debug|x64
		{08BF4022-FFFE-4C54-9E0A-5AE04E181624}.Release|x86.ActiveCfg = Debug|x64
		{4473441C-5FAB-431A-B922-D1C41DC29DC0}.Debug|x64.ActiveCfg = Debug|x64
		{4473441C-5FAB-431A-B922-D1C41DC29DC0}.Debug|x64.Build.0 = Debug|x64
		{4473441C-5FAB-431A-B922-D1C41DC29DC0}.Debug|x86.ActiveCfg = Debug|x64
		{4473441C-5FAB-431A-B922-D1C41DC29DC0}.Release|x64.ActiveCfg = Debug|x64
		{4473441C-5FAB-431A-B922-D1C41DC29DC0}.Release|x86.ActiveCfg = Debug|x64
		{358873A5-5F07-4A98-B888-9D3416521C27}.Debug|x64.ActiveCfg = Debug|x64
		{358873A5-5F07-4A98-B888-9D3416521C27}.Debug|x64.Build.0 = Debug|x64
		{358873A5-5F07-4A98-B888-9D3416521C27}.Debug|x86.ActiveCfg = Debug|x64
		{358873A5-5F07-4A98-B888-9D3416521C27}.Release|x64.ActiveCfg = Debug|x64
		{358873A5-5F07-4A98-B888-9D3416521C27}.Release|x86.ActiveCfg = Debug|x64
		{DB9A84A6-818D-4871-B0A2-D1B4069DB619}.Debug|x64.ActiveCfg = Debug|x64
		{DB9A84A6-818D-4871-B0A2-D1B4069DB619}.Debug|x64.Build.0 = Debug|x64
		{DB9A84A6-818D-4871-B0A2-D1B4069DB619}.Debug|x86.ActiveCfg = Debug|x64
		{DB9A84A6-818D-4871-B0A2-D1B4069DB619}.Release|x64.ActiveCfg = Debug|x64
		{DB9A84A6-818D-4871-B0A2-D1B4069DB619}.Release|x86.ActiveCfg = Debug|x64
		{F4364D22-E00B-4A78-873E-FFB782201A82}.Debug|x64.ActiveCfg = Debug|x64
		{F4364D22-E00B-4A78-873E-FFB782201A82}.Debug|x64.Build.0 = Debug|x64
		{F4364D22-E00B-4A78-873E-FFB782201A82}.Debug|x86.ActiveCfg = Debug|x64
		{F4364D22-E00B-4A78-873E-FFB782201A82}.Release|x64.ActiveCfg = Debug|x64
		{F4364D22-E00B-4A78-873E-FFB782201A82}.Release|x86.ActiveCfg = Debug|x64
		{57FD3B20-8CD4-40AF-97EF-7D149C61A7C3}.Debug|x64.ActiveCfg = Debug|x64
		{57FD3B20-8CD4-40AF-97EF-7D149C61A7C3}.Debug|x64.Build.0 = Debug|x64
		{57FD3B20-8CD4-40AF-97EF-7D149C61A7C3}.Debug|x86.ActiveCfg = Debug|x64
		{57FD3B20-8CD4-40AF-97EF-7D149C61A7C3}.Release|x64.ActiveCfg = Debug|x64
		{57FD3B20-8CD4-40AF-97EF-7D149C61A7C3}.Release|x86.ActiveCfg = Debug|x64
		{6484DAF0-F1B5-4BF3-B612-4599045BC9F2}.Debug|x64.ActiveCfg = Debug|x64
		{6484DAF0-F1B5-4BF3-B612-4599045BC9F2}.Debug|x64.Build.0 = Debug|x64
		{6484DAF0-F1B5-4BF3-B612-4599045BC9F2}.Debug|x86.ActiveCfg = Debug|x64
		{6484DAF0-F1B5-4BF3-B612-4599045BC9F2}.Release|x64.ActiveCfg = Debug|x64
		{6484DAF0-F1B5-4BF3-B612-4599045BC9F2}.Release|x86.ActiveCfg = Debug|x64
		{1F7F798D-20ED-4236-90C9-7A8829F0FA5C}.Debug|x64.ActiveCfg = Debug|x64
		{1F7F798D-20ED-4236-90C9-7A8829F0FA5C}.Debug|x64.Build.0 = Debug|x64
		{1F7F798D-20ED-4236-90C9-7A8829F0FA5C}.Debug|x86.ActiveCfg = Debug|x64
		{1F7F798D-20ED-4236-90C9-7A8829F0FA5C}.Release|x64.ActiveCfg = Debug|x64
		{1F7F798D-20ED-4236-90C9-7A8829F0FA5C}.Release|x86.ActiveCfg = Debug|x64
		{A20FE568-844A-4206-ADB9-5D09263E6AD7}.Debug|x64.ActiveCfg = Debug|x64
		{A20FE568-844A-4206-ADB9-5D09263E6AD7}.Debug|x64.Build.0 = Debug|x64
		{A20FE568-844A-4206-ADB9-5D09263E6AD7}.Debug|x86.ActiveCfg = Debug|x64
		{A20FE568-844A-4206-ADB9-5D09263E6AD7}.Release|x64.ActiveCfg = Debug|x64
		{A20FE568-844A-4206-ADB9-5D09263E6AD7}.Release|x86.ActiveCfg = Debug|x64
		{ED6CBA28-3CED-4A6D-864F-6409BD8BB12B}.Debug|x64.ActiveCfg = Debug|x64
		{ED6CBA28-3CED-4A6D-864F-6409BD8BB12B}.Debug|x64.Build.0 = Debug|x64
		{ED6CBA28-3CED-4A6D-864F-6409BD8BB12B}.Debug|x86.ActiveCfg = Debug|x64
		{ED6CBA28-3CED-4A6D-864F-6409BD8BB12B}.Release|x64.ActiveCfg = Debug|x64
		{ED6CBA28-3CED-4A6D-864F-6409BD8BB12B}.Release|x86.ActiveCfg = Debug|x64
		{832981F0-EBE9-424E-AB33-02D60F9984F6}.Debug|x64.ActiveCfg = Debug|x64
		{832981F0-EBE9-424E-AB33-02D60F9984F6}.Debug|x64.Build.0 = Debug|x64
		{832981F0-EBE9-424E-AB33-02D60F9984F6}.Debug|x86.ActiveCfg = Debug|x64
		{832981F0-EBE9-424E-AB33-02D60F9984F6}.Release|x64.ActiveCfg = Debug|x64
		{832981F0-EBE9-424E-AB33-02D60F9984F6}.Release|x86.ActiveCfg = Debug|x64
		{1B861417-E805-4162-987C-A43E0027386D}.Debug|x64.ActiveCfg = Debug|x64
		{1B861417-E805-4162-987C-A43E0027386D}.Debug|x64.Build.0 = Debug|x64
		{1B861417-E805-4162-987C-A43E0027386D}.Debug|x86.ActiveCfg = Debug|x64
		{1B861417-E805-4162-987C-A43E0027386D}.Release|x64.ActiveCfg = Debug|x64
		{1B861417-E805-4162-987C-A43E0027386D}.Release|x86.ActiveCfg = Debug|x64
		{926A6BB3-FE0D-4631-9FD0-8E653F679D7F}.Debug|x64.ActiveCfg = Debug|x64
		{926A6BB3-FE0D-4631-9FD0-8E653F679D7F}.Debug|x64.Build.0 = Debug|x64
		{926A6BB3-FE0D-4631-9FD0-8E653F679D7F}.Debug|x86.ActiveCfg = Debug|x64
		{926A6BB3-FE0D-4631-9FD0-8E653F679D7F}.Release|x64.ActiveCfg = Debug|x64
		{926A6BB3-FE0D-4631-9FD0-8E653F679D7F}.Release|x86.ActiveCfg = Debug|x64
		{1CDF01E5-CE9F-4155-A0AF-295CAA081746}.Debug|x64.ActiveCfg = Debug|x64
		{1CDF01E5-CE9F-4155-A0AF-295CAA081746}.Debug|x64.Build.0 = Debug|x64
		{1CDF01E5-CE9F-4155-A0AF-295CAA081746}.Debug|x86.ActiveCfg = Debug|x64
		{1CDF01E5-CE9F-4155-A0AF-295CAA081746}.Release|x64.ActiveCfg = Debug|x64
		{1CDF01E5-CE9F-4155-A0AF-295CAA081746}.Release|x86.ActiveCfg = Debug|x64
		{66A513A9-29E4-48B5-868A-4C58EDA9E698}.Debug|x64.ActiveCfg = Debug|x64
		{66A513A9-29E4-48B5-868A-4C58EDA9E698}.Debug|x64.Build.0 = Debug|x64
		{66A513A9-29E4-48B5-868A-4C58EDA9E698}.Debug|x86.ActiveCfg = Debug|x64
		{66A513A9-29E4-48B5-868A-4C58EDA9E698}.Release|x64.ActiveCfg = Debug|x64
		{66A513A9-29E4-48B5-868A-4C58EDA9E698}.Release|x86.ActiveCfg = Debug|x64
		{709BA4C4-1379-44B8-8973-D37A167300CF}.Debug|x64.ActiveCfg = Debug|x64
		{709BA4C4-1379-44B8-8973-D37A167300CF}.Debug|x64.Build.0 = Debug|x64
		{709BA4C4-1379-44B8-8973-D37A167300CF}.Debug|x86.ActiveCfg = Debug|x64
		{709BA4C4-1379-44B8-8973-D37A167300CF}.Release|x64.ActiveCfg = Debug|x64
		{709BA4C4-1379-44B8-8973-D37A167300CF}.Release|x86.ActiveCfg = Debug|x64
		{82DEE25B-1451-433F-A099-C3B0DDDB2110}.Debug|x64.ActiveCfg = Debug|x64
		{82DEE25B-1451-433F-A099-C3B0DDDB2110}.Debug|x64.Build.0 = Debug|x64
		{82DEE25B-1451-433F-A099-C3B0DDDB2110}.Debug|x86.ActiveCfg = Debug|x64
		{82DEE25B-1451-433F-A099-C3B0DDDB2110}.Release|x64.ActiveCfg = Debug|x64
		{82DEE25B-1451-433F-A099-C3B0DDDB2110}.Release|x86.ActiveCfg = Debug|x64
		{69496CF0-6CA0-41C6-A529-4A3CFD72946D}.Debug|x64.ActiveCfg = Debug|x64
		{69496CF0-6CA0-41C6-A529-4A3CFD72946D}.Debug|x64.Build.0 = Debug|x64
		{69496CF0-6CA0-41C6-A529-4A3CFD72946D}.Debug|x86.ActiveCfg = Debug|x64
		{69496CF0-6CA0-41C6-A529-4A3CFD72946D}.Release|x64.ActiveCfg = Debug|x64
		{69496CF0-6CA0-41C6-A529-4A3CFD72946D}.Release|x86.ActiveCfg = Debug|x64
		{7D3836D0-92E6-4DBD-83D5-F6A711E0E00B}.Debug|x64.ActiveCfg = Debug|x64
		{7D3836D0-92E6-4DBD-83D5-F6A711E0E00B}.Debug|x64.Build.0 = Debug|x64
		{7D3836D0-92E6-4DBD-83D5-F6A711E0E00B}.Debug|x86.ActiveCfg = Debug|x64
		{7D3836D0-92E6-4DBD-83D5-F6A711E0E00B}.Release|x64.ActiveCfg = Debug|x64
		{7D3836D0-92E6-4DBD-83D5-F6A711E0E00B}.Release|x86.ActiveCfg = Debug|x64
		{91740AA7-031B-443B-9137-F4595ABA7CFE}.Debug|x64.ActiveCfg = Debug|x64
		{91740AA7-031B-443B-9137-F4595ABA7CFE}.Debug|x64.Build.0 = Debug|x64
		{91740AA7-031B-443B-9137-F4595ABA7CFE}.Debug|x86.ActiveCfg = Debug|x64
		{91740AA7-031B-443B-9137-F4595ABA7CFE}.Release|x64.ActiveCfg = Debug|x64
		{91740AA7-031B-443B-9137-F4595ABA7CFE}.Release|x86.ActiveCfg = Debug|x64
		{52330F1D-E9BE-4F4F-9A2C-820979240BA3}.Debug|x64.ActiveCfg = Debug|x64
		{52330F1D-E9BE-4F4F-9A2C-820979240BA3}.Debug|x64.Build.0 = Debug|x64
		{52330F1D-E9BE-4F4F-9A2C-820979240BA3}.Debug|x86.ActiveCfg = Debug|x64
		{52330F1D-E9BE-4F4F-9A2C-820979240BA3}.Release|x64.ActiveCfg = Debug|x64
		{52330F1D-E9BE-4F4F-9A2C-820979240BA3}.Release|x86.ActiveCfg = Debug|x64
		{47847868-C79A-47EE-A437-1679FDE08E06}.Debug|x64.ActiveCfg = Debug|x64
		{47847868-C79A-47EE-A437-1679FDE08E06}.Debug|x64.Build.0 = Debug|x64
		{47847868-C79A-47EE-A437-1679FDE08E06}.Debug|x86.ActiveCfg = Debug|x64
		{47847868-C79A-47EE-A437-1679FDE08E06}.Release|x64.ActiveCfg = Debug|x64
		{47847868-C79A-47EE-A437-1679FDE08E06}.Release|x86.ActiveCfg = Debug|x64
		{D7B7B058-7C96-4717-AADB-AA6D984BA662}.Debug|x64.ActiveCfg = Debug|x64
		{D7B7B058-7C96-4717-AADB-AA6D984BA662}.Debug|x64.Build.0 = Debug|x64
		{D7B7B058-7C96-4717-AADB-AA6D984BA662}.Debug|x86.ActiveCfg = Debug|x64
		{D7B7B058-7C96-4717-AADB-AA6D984BA662}.Release|x64.ActiveCfg = Debug|x64
		{D7B7B058-7C96-4717-AADB-AA6D984BA662}.Release|x86.ActiveCfg = Debug|x64
		{52E485DA-1D15-4E03-ABAC-058FAE07CBD4}.Debug|x64.ActiveCfg = Debug|x64
		{52E485DA-1D15-4E03-ABAC-058FAE07CBD4}.Debug|x64.Build.0 = Debug|x64
		{52E485DA-1D15-4E03-ABAC-058FAE07CBD4}.Debug|x86.ActiveCfg = Debug|x64
		{52E485DA-1D15-4E03-ABAC-058FAE07CBD4}.Release|x64.ActiveCfg = Debug|x64
		{52E485DA-1D15-4E03-ABAC-058FAE07CBD4}.Release|x86.ActiveCfg = Debug|x64
		{9DAC6AFF-2B4D-41FA-A046-68016631FBA6}.Debug|x64.ActiveCfg = Debug|x64
		{9DAC6AFF-2B4D-41FA-A046-68016631FBA6}.Debug|x64.Build.0 = Debug|x64
		{9DAC6AFF-2B4D-41FA-A046-68016631FBA6}.Debug|x86.ActiveCfg = Debug|x64
		{9DAC6AFF-2B4D-41FA-A046-68016631FBA6}.Release|x64.ActiveCfg = Debug|x64
		{9DAC6AFF-2B4D-41FA-A046-68016631FBA6}.Release|x86.ActiveCfg = Debug|x64
		{90706E8D-BE8B-48A7-AE7C-D4811111E88A}.Debug|x64.ActiveCfg = Debug|x64
		{90706E8D-BE8B-48A7-AE7C-D4811111E88A}.Debug|x64.Build.0 = Debug|x64
		{90706E8D-BE8B-48A7-AE7C-D4811111E88A}.Debug|x86.ActiveCfg = Debug|x64
		{90706E8D-BE8B-48A7-AE7C-D4811111E88A}.Release|x64.ActiveCfg = Debug|x64
		{90706E8D-BE8B-48A7-AE7C-D4811111E88A}.Release|x86.ActiveCfg = Debug|x64
		{646ABFFF-CC40-47DC-BD06-2F14251AC5C7}.Debug|x64.ActiveCfg = Debug|x64
		{646ABFFF-CC40-47DC-BD06-2F14251AC5C7}.Debug|x64.Build.0 = Debug|x64
		{646ABFFF-CC40-47DC-BD06-2F14251AC5C7}.Debug|x86.ActiveCfg = Debug|x64
		{646ABFFF-CC40-47DC-BD06-2F14251AC5C7}.Release|x64.ActiveCfg = Debug|x64
		{646ABFFF-CC40-47DC-BD06-2F14251AC5C7}.Release|x86.ActiveCfg = Debug|x64
		{6D366538-5B23-4B8E-9180-29B637DECD1C}.Debug|x64.ActiveCfg = Debug|x64
		{6D366538-5B23-4B8E-9180-29B637DECD1C}.Debug|x64.Build.0 = Debug|x64
		{6D366538-5B23-4B8E-9180-29B637DECD1C}.Debug|x86.ActiveCfg = Debug|x64
		{6D366538-5B23-4B8E-9180-29B637DECD1C}.Release|x64.ActiveCfg = Debug|x64
		{6D366538-5B23-4B8E-9180-29B637DECD1C}.Release|x86.ActiveCfg = Debug|x64
		{695627DA-4CF3-42BC-AFC0-2AF5447BC7BA}.Debug|x64.ActiveCfg = Debug|x64
		{695627DA-4CF3-42BC-AFC0-2AF5447BC7BA}.Debug|x64.Build.0 = Debug|x64
		{695627DA-4CF3-42BC-AFC0-2AF5447BC7BA}.Debug|x86.ActiveCfg = Debug|x64
		{695627DA-4CF3-42BC-AFC0-2AF5447BC7BA}.Release|x64.ActiveCfg = Debug|x64
		{695627DA-4CF3-42BC-AFC0-2AF5447BC7BA}.Release|x86.ActiveCfg = Debug|x64
		{D6D2D984-B8C8-4E26-9055-89847C963CE4}.Debug|x64.ActiveCfg = Debug|x64
		{D6D2D984-B8C8-4E26-9055-89847C963CE4}.Debug|x64.Build.0 = Debug|x64
		{D6D2D984-B8C8-4E26-9055-89847C963CE4}.Debug|x86.ActiveCfg = Debug|x64
		{D6D2D984-B8C8-4E26-9055-89847C963CE4}.Release|x64.ActiveCfg = Debug|x64
		{D6D2D984-B8C8-4E26-9055-89847C963CE4}.Release|x86.ActiveCfg = Debug|x64
		{AE9CAE99-2EFA-4D3E-B09D-C4F270374D2C}.Debug|x64.ActiveCfg = Debug|x64
		{AE9CAE99-2EFA-4D3E-B09D-C4F270374D2C}.Debug|x64.Build.0 = Debug|x64
		{AE9CAE99-2EFA-4D3E-B09D-C4F270374D2C}.Debug|x86.ActiveCfg = Debug|x64
		{AE9CAE99-2EFA-4D3E-B09D-C4F270374D2C}.Release|x64.ActiveCfg = Debug|x64
		{AE9CAE99-2EFA-4D3E-B09D-C4F270374D2C}.Release|x86.ActiveCfg = Debug|x64
		{42FEF524-D075-4D96-9722-FA84B0E3CEFF}.Debug|x64.ActiveCfg = Debug|x64
		{42FEF524-D075-4D96-9722-FA84B0E3CEFF}.Debug|x64.Build.0 = Debug|x64
		{42FEF524-D075-4D96-9722-FA84B0E3CEFF}.Debug|x86.ActiveCfg = Debug|x64
		{42FEF524-D075-4D96-9722-FA84B0E3CEFF}.Release|x64.ActiveCfg = Debug|x64
		{42FEF524-D075-4D96-9722-FA84B0E3CEFF}.Release|x86.ActiveCfg = Debug|x64
	EndGlobalSection
	GlobalSection(SolutionProperties) = preSolution
		HideSolutionNode = FALSE
	EndGlobalSection
EndGlobal
