
Microsoft Visual Studio Solution File, Format Version 12.00
# Visual Studio Version 17
VisualStudioVersion = 17.12.35527.113
MinimumVisualStudioVersion = 10.0.40219.1
Project("{8BC9CEB8-8B4A-11D0-8D11-00A0C91BC942}") = "pointers", "pointers\pointers.vcxproj", "{1AF38EF4-9370-4355-A237-981EE11CB2BB}"
EndProject
Project("{8BC9CEB8-8B4A-11D0-8D11-00A0C91BC942}") = "references", "references\references.vcxproj", "{08BF4022-FFFE-4C54-9E0A-5AE04E181624}"
EndProject
Project("{8BC9CEB8-8B4A-11D0-8D11-00A0C91BC942}") = "classes", "classes\classes.vcxproj", "{4473441C-5FAB-431A-B922-D1C41DC29DC0}"
EndProject
Project("{8BC9CEB8-8B4A-11D0-8D11-00A0C91BC942}") = "static", "static\static.vcxproj", "{358873A5-5F07-4A98-B888-9D3416521C27}"
EndProject
Project("{8BC9CEB8-8B4A-11D0-8D11-00A0C91BC942}") = "enums", "enums\enums.vcxproj", "{DB9A84A6-818D-4871-B0A2-D1B4069DB619}"
EndProject
Project("{8BC9CEB8-8B4A-11D0-8D11-00A0C91BC942}") = "virtual_functions", "virtual_functions\virtual_functions.vcxproj", "{F4364D22-E00B-4A78-873E-FFB782201A82}"
EndProject
Project("{8BC9CEB8-8B4A-11D0-8D11-00A0C91BC942}") = "strings", "strings\strings.vcxproj", "{57FD3B20-8CD4-40AF-97EF-7D149C61A7C3}"
EndProject
Project("{8BC9CEB8-8B4A-11D0-8D11-00A0C91BC942}") = "const", "const\const.vcxproj", "{6484DAF0-F1B5-4BF3-B612-4599045BC9F2}"
EndProject
Global
	GlobalSection(SolutionConfigurationPlatforms) = preSolution
		Debug|x64 = Debug|x64
		Debug|x86 = Debug|x86
		Release|x64 = Release|x64
		Release|x86 = Release|x86
	EndGlobalSection
	GlobalSection(ProjectConfigurationPlatforms) = postSolution
		{1AF38EF4-9370-4355-A237-981EE11CB2BB}.Debug|x64.ActiveCfg = Debug|x64
		{1AF38EF4-9370-4355-A237-981EE11CB2BB}.Debug|x64.Build.0 = Debug|x64
		{1AF38EF4-9370-4355-A237-981EE11CB2BB}.Debug|x86.ActiveCfg = Debug|Win32
		{1AF38EF4-9370-4355-A237-981EE11CB2BB}.Debug|x86.Build.0 = Debug|Win32
		{1AF38EF4-9370-4355-A237-981EE11CB2BB}.Release|x64.ActiveCfg = Release|x64
		{1AF38EF4-9370-4355-A237-981EE11CB2BB}.Release|x64.Build.0 = Release|x64
		{1AF38EF4-9370-4355-A237-981EE11CB2BB}.Release|x86.ActiveCfg = Release|Win32
		{1AF38EF4-9370-4355-A237-981EE11CB2BB}.Release|x86.Build.0 = Release|Win32
		{08BF4022-FFFE-4C54-9E0A-5AE04E181624}.Debug|x64.ActiveCfg = Debug|x64
		{08BF4022-FFFE-4C54-9E0A-5AE04E181624}.Debug|x64.Build.0 = Debug|x64
		{08BF4022-FFFE-4C54-9E0A-5AE04E181624}.Debug|x86.ActiveCfg = Debug|Win32
		{08BF4022-FFFE-4C54-9E0A-5AE04E181624}.Debug|x86.Build.0 = Debug|Win32
		{08BF4022-FFFE-4C54-9E0A-5AE04E181624}.Release|x64.ActiveCfg = Release|x64
		{08BF4022-FFFE-4C54-9E0A-5AE04E181624}.Release|x64.Build.0 = Release|x64
		{08BF4022-FFFE-4C54-9E0A-5AE04E181624}.Release|x86.ActiveCfg = Release|Win32
		{08BF4022-FFFE-4C54-9E0A-5AE04E181624}.Release|x86.Build.0 = Release|Win32
		{4473441C-5FAB-431A-B922-D1C41DC29DC0}.Debug|x64.ActiveCfg = Debug|x64
		{4473441C-5FAB-431A-B922-D1C41DC29DC0}.Debug|x64.Build.0 = Debug|x64
		{4473441C-5FAB-431A-B922-D1C41DC29DC0}.Debug|x86.ActiveCfg = Debug|Win32
		{4473441C-5FAB-431A-B922-D1C41DC29DC0}.Debug|x86.Build.0 = Debug|Win32
		{4473441C-5FAB-431A-B922-D1C41DC29DC0}.Release|x64.ActiveCfg = Release|x64
		{4473441C-5FAB-431A-B922-D1C41DC29DC0}.Release|x64.Build.0 = Release|x64
		{4473441C-5FAB-431A-B922-D1C41DC29DC0}.Release|x86.ActiveCfg = Release|Win32
		{4473441C-5FAB-431A-B922-D1C41DC29DC0}.Release|x86.Build.0 = Release|Win32
		{358873A5-5F07-4A98-B888-9D3416521C27}.Debug|x64.ActiveCfg = Debug|x64
		{358873A5-5F07-4A98-B888-9D3416521C27}.Debug|x64.Build.0 = Debug|x64
		{358873A5-5F07-4A98-B888-9D3416521C27}.Debug|x86.ActiveCfg = Debug|Win32
		{358873A5-5F07-4A98-B888-9D3416521C27}.Debug|x86.Build.0 = Debug|Win32
		{358873A5-5F07-4A98-B888-9D3416521C27}.Release|x64.ActiveCfg = Release|x64
		{358873A5-5F07-4A98-B888-9D3416521C27}.Release|x64.Build.0 = Release|x64
		{358873A5-5F07-4A98-B888-9D3416521C27}.Release|x86.ActiveCfg = Release|Win32
		{358873A5-5F07-4A98-B888-9D3416521C27}.Release|x86.Build.0 = Release|Win32
		{DB9A84A6-818D-4871-B0A2-D1B4069DB619}.Debug|x64.ActiveCfg = Debug|x64
		{DB9A84A6-818D-4871-B0A2-D1B4069DB619}.Debug|x64.Build.0 = Debug|x64
		{DB9A84A6-818D-4871-B0A2-D1B4069DB619}.Debug|x86.ActiveCfg = Debug|Win32
		{DB9A84A6-818D-4871-B0A2-D1B4069DB619}.Debug|x86.Build.0 = Debug|Win32
		{DB9A84A6-818D-4871-B0A2-D1B4069DB619}.Release|x64.ActiveCfg = Release|x64
		{DB9A84A6-818D-4871-B0A2-D1B4069DB619}.Release|x64.Build.0 = Release|x64
		{DB9A84A6-818D-4871-B0A2-D1B4069DB619}.Release|x86.ActiveCfg = Release|Win32
		{DB9A84A6-818D-4871-B0A2-D1B4069DB619}.Release|x86.Build.0 = Release|Win32
		{F4364D22-E00B-4A78-873E-FFB782201A82}.Debug|x64.ActiveCfg = Debug|x64
		{F4364D22-E00B-4A78-873E-FFB782201A82}.Debug|x64.Build.0 = Debug|x64
		{F4364D22-E00B-4A78-873E-FFB782201A82}.Debug|x86.ActiveCfg = Debug|Win32
		{F4364D22-E00B-4A78-873E-FFB782201A82}.Debug|x86.Build.0 = Debug|Win32
		{F4364D22-E00B-4A78-873E-FFB782201A82}.Release|x64.ActiveCfg = Release|x64
		{F4364D22-E00B-4A78-873E-FFB782201A82}.Release|x64.Build.0 = Release|x64
		{F4364D22-E00B-4A78-873E-FFB782201A82}.Release|x86.ActiveCfg = Release|Win32
		{F4364D22-E00B-4A78-873E-FFB782201A82}.Release|x86.Build.0 = Release|Win32
		{57FD3B20-8CD4-40AF-97EF-7D149C61A7C3}.Debug|x64.ActiveCfg = Debug|x64
		{57FD3B20-8CD4-40AF-97EF-7D149C61A7C3}.Debug|x64.Build.0 = Debug|x64
		{57FD3B20-8CD4-40AF-97EF-7D149C61A7C3}.Debug|x86.ActiveCfg = Debug|Win32
		{57FD3B20-8CD4-40AF-97EF-7D149C61A7C3}.Debug|x86.Build.0 = Debug|Win32
		{57FD3B20-8CD4-40AF-97EF-7D149C61A7C3}.Release|x64.ActiveCfg = Release|x64
		{57FD3B20-8CD4-40AF-97EF-7D149C61A7C3}.Release|x64.Build.0 = Release|x64
		{57FD3B20-8CD4-40AF-97EF-7D149C61A7C3}.Release|x86.ActiveCfg = Release|Win32
		{57FD3B20-8CD4-40AF-97EF-7D149C61A7C3}.Release|x86.Build.0 = Release|Win32
		{6484DAF0-F1B5-4BF3-B612-4599045BC9F2}.Debug|x64.ActiveCfg = Debug|x64
		{6484DAF0-F1B5-4BF3-B612-4599045BC9F2}.Debug|x64.Build.0 = Debug|x64
		{6484DAF0-F1B5-4BF3-B612-4599045BC9F2}.Debug|x86.ActiveCfg = Debug|Win32
		{6484DAF0-F1B5-4BF3-B612-4599045BC9F2}.Debug|x86.Build.0 = Debug|Win32
		{6484DAF0-F1B5-4BF3-B612-4599045BC9F2}.Release|x64.ActiveCfg = Release|x64
		{6484DAF0-F1B5-4BF3-B612-4599045BC9F2}.Release|x64.Build.0 = Release|x64
		{6484DAF0-F1B5-4BF3-B612-4599045BC9F2}.Release|x86.ActiveCfg = Release|Win32
		{6484DAF0-F1B5-4BF3-B612-4599045BC9F2}.Release|x86.Build.0 = Release|Win32
	EndGlobalSection
	GlobalSection(SolutionProperties) = preSolution
		HideSolutionNode = FALSE
	EndGlobalSection
EndGlobal
